
Microsoft Visual Studio Solution File, Format Version 12.00
# Visual Studio 15
VisualStudioVersion = 15.0.28010.2003
MinimumVisualStudioVersion = 10.0.40219.1
Project("{FAE04EC0-301F-11D3-BF4B-00C04F79EFBC}") = "WhereAmI.Android", "WhereAmI\WhereAmI.Android\WhereAmI.Android.csproj", "{817E8C62-0E4F-49E0-AD63-BF024E0BD48C}"
EndProject
Project("{FAE04EC0-301F-11D3-BF4B-00C04F79EFBC}") = "WhereAmI.iOS", "WhereAmI\WhereAmI.iOS\WhereAmI.iOS.csproj", "{AAEB1D17-6EB8-4BEB-940F-3A944C58C24E}"
EndProject
Project("{FAE04EC0-301F-11D3-BF4B-00C04F79EFBC}") = "WhereAmI.UWP", "WhereAmI\WhereAmI.UWP\WhereAmI.UWP.csproj", "{7DC60E94-EDC7-4606-9C67-2D4302D2B9A0}"
EndProject
Project("{FAE04EC0-301F-11D3-BF4B-00C04F79EFBC}") = "WhereAmI", "WhereAmI\WhereAmI\WhereAmI.csproj", "{F0421A20-1979-4789-830B-19AAEECEBC13}"
EndProject
Global
	GlobalSection(SolutionConfigurationPlatforms) = preSolution
		Ad-Hoc|Any CPU = Ad-Hoc|Any CPU
		Ad-Hoc|ARM = Ad-Hoc|ARM
		Ad-Hoc|iPhone = Ad-Hoc|iPhone
		Ad-Hoc|iPhoneSimulator = Ad-Hoc|iPhoneSimulator
		Ad-Hoc|x64 = Ad-Hoc|x64
		Ad-Hoc|x86 = Ad-Hoc|x86
		AppStore|Any CPU = AppStore|Any CPU
		AppStore|ARM = AppStore|ARM
		AppStore|iPhone = AppStore|iPhone
		AppStore|iPhoneSimulator = AppStore|iPhoneSimulator
		AppStore|x64 = AppStore|x64
		AppStore|x86 = AppStore|x86
		Debug|Any CPU = Debug|Any CPU
		Debug|ARM = Debug|ARM
		Debug|iPhone = Debug|iPhone
		Debug|iPhoneSimulator = Debug|iPhoneSimulator
		Debug|x64 = Debug|x64
		Debug|x86 = Debug|x86
		Release|Any CPU = Release|Any CPU
		Release|ARM = Release|ARM
		Release|iPhone = Release|iPhone
		Release|iPhoneSimulator = Release|iPhoneSimulator
		Release|x64 = Release|x64
		Release|x86 = Release|x86
	EndGlobalSection
	GlobalSection(ProjectConfigurationPlatforms) = postSolution
		{817E8C62-0E4F-49E0-AD63-BF024E0BD48C}.Ad-Hoc|Any CPU.ActiveCfg = Release|Any CPU
		{817E8C62-0E4F-49E0-AD63-BF024E0BD48C}.Ad-Hoc|Any CPU.Build.0 = Release|Any CPU
		{817E8C62-0E4F-49E0-AD63-BF024E0BD48C}.Ad-Hoc|Any CPU.Deploy.0 = Release|Any CPU
		{817E8C62-0E4F-49E0-AD63-BF024E0BD48C}.Ad-Hoc|ARM.ActiveCfg = Release|Any CPU
		{817E8C62-0E4F-49E0-AD63-BF024E0BD48C}.Ad-Hoc|ARM.Build.0 = Release|Any CPU
		{817E8C62-0E4F-49E0-AD63-BF024E0BD48C}.Ad-Hoc|ARM.Deploy.0 = Release|Any CPU
		{817E8C62-0E4F-49E0-AD63-BF024E0BD48C}.Ad-Hoc|iPhone.ActiveCfg = Release|Any CPU
		{817E8C62-0E4F-49E0-AD63-BF024E0BD48C}.Ad-Hoc|iPhone.Build.0 = Release|Any CPU
		{817E8C62-0E4F-49E0-AD63-BF024E0BD48C}.Ad-Hoc|iPhone.Deploy.0 = Release|Any CPU
		{817E8C62-0E4F-49E0-AD63-BF024E0BD48C}.Ad-Hoc|iPhoneSimulator.ActiveCfg = Release|Any CPU
		{817E8C62-0E4F-49E0-AD63-BF024E0BD48C}.Ad-Hoc|iPhoneSimulator.Build.0 = Release|Any CPU
		{817E8C62-0E4F-49E0-AD63-BF024E0BD48C}.Ad-Hoc|iPhoneSimulator.Deploy.0 = Release|Any CPU
		{817E8C62-0E4F-49E0-AD63-BF024E0BD48C}.Ad-Hoc|x64.ActiveCfg = Release|Any CPU
		{817E8C62-0E4F-49E0-AD63-BF024E0BD48C}.Ad-Hoc|x64.Build.0 = Release|Any CPU
		{817E8C62-0E4F-49E0-AD63-BF024E0BD48C}.Ad-Hoc|x64.Deploy.0 = Release|Any CPU
		{817E8C62-0E4F-49E0-AD63-BF024E0BD48C}.Ad-Hoc|x86.ActiveCfg = Release|Any CPU
		{817E8C62-0E4F-49E0-AD63-BF024E0BD48C}.Ad-Hoc|x86.Build.0 = Release|Any CPU
		{817E8C62-0E4F-49E0-AD63-BF024E0BD48C}.Ad-Hoc|x86.Deploy.0 = Release|Any CPU
		{817E8C62-0E4F-49E0-AD63-BF024E0BD48C}.AppStore|Any CPU.ActiveCfg = Release|Any CPU
		{817E8C62-0E4F-49E0-AD63-BF024E0BD48C}.AppStore|Any CPU.Build.0 = Release|Any CPU
		{817E8C62-0E4F-49E0-AD63-BF024E0BD48C}.AppStore|Any CPU.Deploy.0 = Release|Any CPU
		{817E8C62-0E4F-49E0-AD63-BF024E0BD48C}.AppStore|ARM.ActiveCfg = Release|Any CPU
		{817E8C62-0E4F-49E0-AD63-BF024E0BD48C}.AppStore|ARM.Build.0 = Release|Any CPU
		{817E8C62-0E4F-49E0-AD63-BF024E0BD48C}.AppStore|ARM.Deploy.0 = Release|Any CPU
		{817E8C62-0E4F-49E0-AD63-BF024E0BD48C}.AppStore|iPhone.ActiveCfg = Release|Any CPU
		{817E8C62-0E4F-49E0-AD63-BF024E0BD48C}.AppStore|iPhone.Build.0 = Release|Any CPU
		{817E8C62-0E4F-49E0-AD63-BF024E0BD48C}.AppStore|iPhone.Deploy.0 = Release|Any CPU
		{817E8C62-0E4F-49E0-AD63-BF024E0BD48C}.AppStore|iPhoneSimulator.ActiveCfg = Release|Any CPU
		{817E8C62-0E4F-49E0-AD63-BF024E0BD48C}.AppStore|iPhoneSimulator.Build.0 = Release|Any CPU
		{817E8C62-0E4F-49E0-AD63-BF024E0BD48C}.AppStore|iPhoneSimulator.Deploy.0 = Release|Any CPU
		{817E8C62-0E4F-49E0-AD63-BF024E0BD48C}.AppStore|x64.ActiveCfg = Release|Any CPU
		{817E8C62-0E4F-49E0-AD63-BF024E0BD48C}.AppStore|x64.Build.0 = Release|Any CPU
		{817E8C62-0E4F-49E0-AD63-BF024E0BD48C}.AppStore|x64.Deploy.0 = Release|Any CPU
		{817E8C62-0E4F-49E0-AD63-BF024E0BD48C}.AppStore|x86.ActiveCfg = Release|Any CPU
		{817E8C62-0E4F-49E0-AD63-BF024E0BD48C}.AppStore|x86.Build.0 = Release|Any CPU
		{817E8C62-0E4F-49E0-AD63-BF024E0BD48C}.AppStore|x86.Deploy.0 = Release|Any CPU
		{817E8C62-0E4F-49E0-AD63-BF024E0BD48C}.Debug|Any CPU.ActiveCfg = Debug|Any CPU
		{817E8C62-0E4F-49E0-AD63-BF024E0BD48C}.Debug|Any CPU.Build.0 = Debug|Any CPU
		{817E8C62-0E4F-49E0-AD63-BF024E0BD48C}.Debug|Any CPU.Deploy.0 = Debug|Any CPU
		{817E8C62-0E4F-49E0-AD63-BF024E0BD48C}.Debug|ARM.ActiveCfg = Debug|Any CPU
		{817E8C62-0E4F-49E0-AD63-BF024E0BD48C}.Debug|ARM.Build.0 = Debug|Any CPU
		{817E8C62-0E4F-49E0-AD63-BF024E0BD48C}.Debug|ARM.Deploy.0 = Debug|Any CPU
		{817E8C62-0E4F-49E0-AD63-BF024E0BD48C}.Debug|iPhone.ActiveCfg = Debug|Any CPU
		{817E8C62-0E4F-49E0-AD63-BF024E0BD48C}.Debug|iPhone.Build.0 = Debug|Any CPU
		{817E8C62-0E4F-49E0-AD63-BF024E0BD48C}.Debug|iPhone.Deploy.0 = Debug|Any CPU
		{817E8C62-0E4F-49E0-AD63-BF024E0BD48C}.Debug|iPhoneSimulator.ActiveCfg = Debug|Any CPU
		{817E8C62-0E4F-49E0-AD63-BF024E0BD48C}.Debug|iPhoneSimulator.Build.0 = Debug|Any CPU
		{817E8C62-0E4F-49E0-AD63-BF024E0BD48C}.Debug|iPhoneSimulator.Deploy.0 = Debug|Any CPU
		{817E8C62-0E4F-49E0-AD63-BF024E0BD48C}.Debug|x64.ActiveCfg = Debug|Any CPU
		{817E8C62-0E4F-49E0-AD63-BF024E0BD48C}.Debug|x64.Build.0 = Debug|Any CPU
		{817E8C62-0E4F-49E0-AD63-BF024E0BD48C}.Debug|x64.Deploy.0 = Debug|Any CPU
		{817E8C62-0E4F-49E0-AD63-BF024E0BD48C}.Debug|x86.ActiveCfg = Debug|Any CPU
		{817E8C62-0E4F-49E0-AD63-BF024E0BD48C}.Debug|x86.Build.0 = Debug|Any CPU
		{817E8C62-0E4F-49E0-AD63-BF024E0BD48C}.Debug|x86.Deploy.0 = Debug|Any CPU
		{817E8C62-0E4F-49E0-AD63-BF024E0BD48C}.Release|Any CPU.ActiveCfg = Release|Any CPU
		{817E8C62-0E4F-49E0-AD63-BF024E0BD48C}.Release|Any CPU.Build.0 = Release|Any CPU
		{817E8C62-0E4F-49E0-AD63-BF024E0BD48C}.Release|Any CPU.Deploy.0 = Release|Any CPU
		{817E8C62-0E4F-49E0-AD63-BF024E0BD48C}.Release|ARM.ActiveCfg = Release|Any CPU
		{817E8C62-0E4F-49E0-AD63-BF024E0BD48C}.Release|ARM.Build.0 = Release|Any CPU
		{817E8C62-0E4F-49E0-AD63-BF024E0BD48C}.Release|ARM.Deploy.0 = Release|Any CPU
		{817E8C62-0E4F-49E0-AD63-BF024E0BD48C}.Release|iPhone.ActiveCfg = Release|Any CPU
		{817E8C62-0E4F-49E0-AD63-BF024E0BD48C}.Release|iPhone.Build.0 = Release|Any CPU
		{817E8C62-0E4F-49E0-AD63-BF024E0BD48C}.Release|iPhone.Deploy.0 = Release|Any CPU
		{817E8C62-0E4F-49E0-AD63-BF024E0BD48C}.Release|iPhoneSimulator.ActiveCfg = Release|Any CPU
		{817E8C62-0E4F-49E0-AD63-BF024E0BD48C}.Release|iPhoneSimulator.Build.0 = Release|Any CPU
		{817E8C62-0E4F-49E0-AD63-BF024E0BD48C}.Release|iPhoneSimulator.Deploy.0 = Release|Any CPU
		{817E8C62-0E4F-49E0-AD63-BF024E0BD48C}.Release|x64.ActiveCfg = Release|Any CPU
		{817E8C62-0E4F-49E0-AD63-BF024E0BD48C}.Release|x64.Build.0 = Release|Any CPU
		{817E8C62-0E4F-49E0-AD63-BF024E0BD48C}.Release|x64.Deploy.0 = Release|Any CPU
		{817E8C62-0E4F-49E0-AD63-BF024E0BD48C}.Release|x86.ActiveCfg = Release|Any CPU
		{817E8C62-0E4F-49E0-AD63-BF024E0BD48C}.Release|x86.Build.0 = Release|Any CPU
		{817E8C62-0E4F-49E0-AD63-BF024E0BD48C}.Release|x86.Deploy.0 = Release|Any CPU
		{AAEB1D17-6EB8-4BEB-940F-3A944C58C24E}.Ad-Hoc|Any CPU.ActiveCfg = Ad-Hoc|iPhone
		{AAEB1D17-6EB8-4BEB-940F-3A944C58C24E}.Ad-Hoc|Any CPU.Build.0 = Ad-Hoc|iPhone
		{AAEB1D17-6EB8-4BEB-940F-3A944C58C24E}.Ad-Hoc|Any CPU.Deploy.0 = Ad-Hoc|iPhone
		{AAEB1D17-6EB8-4BEB-940F-3A944C58C24E}.Ad-Hoc|ARM.ActiveCfg = Ad-Hoc|iPhone
		{AAEB1D17-6EB8-4BEB-940F-3A944C58C24E}.Ad-Hoc|ARM.Build.0 = Ad-Hoc|iPhone
		{AAEB1D17-6EB8-4BEB-940F-3A944C58C24E}.Ad-Hoc|ARM.Deploy.0 = Ad-Hoc|iPhone
		{AAEB1D17-6EB8-4BEB-940F-3A944C58C24E}.Ad-Hoc|iPhone.ActiveCfg = Ad-Hoc|iPhone
		{AAEB1D17-6EB8-4BEB-940F-3A944C58C24E}.Ad-Hoc|iPhone.Build.0 = Ad-Hoc|iPhone
		{AAEB1D17-6EB8-4BEB-940F-3A944C58C24E}.Ad-Hoc|iPhone.Deploy.0 = Ad-Hoc|iPhone
		{AAEB1D17-6EB8-4BEB-940F-3A944C58C24E}.Ad-Hoc|iPhoneSimulator.ActiveCfg = Ad-Hoc|iPhoneSimulator
		{AAEB1D17-6EB8-4BEB-940F-3A944C58C24E}.Ad-Hoc|iPhoneSimulator.Build.0 = Ad-Hoc|iPhoneSimulator
		{AAEB1D17-6EB8-4BEB-940F-3A944C58C24E}.Ad-Hoc|iPhoneSimulator.Deploy.0 = Ad-Hoc|iPhoneSimulator
		{AAEB1D17-6EB8-4BEB-940F-3A944C58C24E}.Ad-Hoc|x64.ActiveCfg = Ad-Hoc|iPhone
		{AAEB1D17-6EB8-4BEB-940F-3A944C58C24E}.Ad-Hoc|x64.Build.0 = Ad-Hoc|iPhone
		{AAEB1D17-6EB8-4BEB-940F-3A944C58C24E}.Ad-Hoc|x64.Deploy.0 = Ad-Hoc|iPhone
		{AAEB1D17-6EB8-4BEB-940F-3A944C58C24E}.Ad-Hoc|x86.ActiveCfg = Ad-Hoc|iPhone
		{AAEB1D17-6EB8-4BEB-940F-3A944C58C24E}.Ad-Hoc|x86.Build.0 = Ad-Hoc|iPhone
		{AAEB1D17-6EB8-4BEB-940F-3A944C58C24E}.Ad-Hoc|x86.Deploy.0 = Ad-Hoc|iPhone
		{AAEB1D17-6EB8-4BEB-940F-3A944C58C24E}.AppStore|Any CPU.ActiveCfg = AppStore|iPhone
		{AAEB1D17-6EB8-4BEB-940F-3A944C58C24E}.AppStore|Any CPU.Build.0 = AppStore|iPhone
		{AAEB1D17-6EB8-4BEB-940F-3A944C58C24E}.AppStore|Any CPU.Deploy.0 = AppStore|iPhone
		{AAEB1D17-6EB8-4BEB-940F-3A944C58C24E}.AppStore|ARM.ActiveCfg = AppStore|iPhone
		{AAEB1D17-6EB8-4BEB-940F-3A944C58C24E}.AppStore|ARM.Build.0 = AppStore|iPhone
		{AAEB1D17-6EB8-4BEB-940F-3A944C58C24E}.AppStore|ARM.Deploy.0 = AppStore|iPhone
		{AAEB1D17-6EB8-4BEB-940F-3A944C58C24E}.AppStore|iPhone.ActiveCfg = AppStore|iPhone
		{AAEB1D17-6EB8-4BEB-940F-3A944C58C24E}.AppStore|iPhone.Build.0 = AppStore|iPhone
		{AAEB1D17-6EB8-4BEB-940F-3A944C58C24E}.AppStore|iPhone.Deploy.0 = AppStore|iPhone
		{AAEB1D17-6EB8-4BEB-940F-3A944C58C24E}.AppStore|iPhoneSimulator.ActiveCfg = AppStore|iPhoneSimulator
		{AAEB1D17-6EB8-4BEB-940F-3A944C58C24E}.AppStore|iPhoneSimulator.Build.0 = AppStore|iPhoneSimulator
		{AAEB1D17-6EB8-4BEB-940F-3A944C58C24E}.AppStore|iPhoneSimulator.Deploy.0 = AppStore|iPhoneSimulator
		{AAEB1D17-6EB8-4BEB-940F-3A944C58C24E}.AppStore|x64.ActiveCfg = AppStore|iPhone
		{AAEB1D17-6EB8-4BEB-940F-3A944C58C24E}.AppStore|x64.Build.0 = AppStore|iPhone
		{AAEB1D17-6EB8-4BEB-940F-3A944C58C24E}.AppStore|x64.Deploy.0 = AppStore|iPhone
		{AAEB1D17-6EB8-4BEB-940F-3A944C58C24E}.AppStore|x86.ActiveCfg = AppStore|iPhone
		{AAEB1D17-6EB8-4BEB-940F-3A944C58C24E}.AppStore|x86.Build.0 = AppStore|iPhone
		{AAEB1D17-6EB8-4BEB-940F-3A944C58C24E}.AppStore|x86.Deploy.0 = AppStore|iPhone
		{AAEB1D17-6EB8-4BEB-940F-3A944C58C24E}.Debug|Any CPU.ActiveCfg = Debug|iPhoneSimulator
		{AAEB1D17-6EB8-4BEB-940F-3A944C58C24E}.Debug|Any CPU.Build.0 = Debug|iPhoneSimulator
		{AAEB1D17-6EB8-4BEB-940F-3A944C58C24E}.Debug|Any CPU.Deploy.0 = Debug|iPhoneSimulator
		{AAEB1D17-6EB8-4BEB-940F-3A944C58C24E}.Debug|ARM.ActiveCfg = Debug|iPhone
		{AAEB1D17-6EB8-4BEB-940F-3A944C58C24E}.Debug|ARM.Build.0 = Debug|iPhone
		{AAEB1D17-6EB8-4BEB-940F-3A944C58C24E}.Debug|ARM.Deploy.0 = Debug|iPhone
		{AAEB1D17-6EB8-4BEB-940F-3A944C58C24E}.Debug|iPhone.ActiveCfg = Debug|iPhone
		{AAEB1D17-6EB8-4BEB-940F-3A944C58C24E}.Debug|iPhone.Build.0 = Debug|iPhone
		{AAEB1D17-6EB8-4BEB-940F-3A944C58C24E}.Debug|iPhone.Deploy.0 = Debug|iPhone
		{AAEB1D17-6EB8-4BEB-940F-3A944C58C24E}.Debug|iPhoneSimulator.ActiveCfg = Debug|iPhoneSimulator
		{AAEB1D17-6EB8-4BEB-940F-3A944C58C24E}.Debug|iPhoneSimulator.Build.0 = Debug|iPhoneSimulator
		{AAEB1D17-6EB8-4BEB-940F-3A944C58C24E}.Debug|iPhoneSimulator.Deploy.0 = Debug|iPhoneSimulator
		{AAEB1D17-6EB8-4BEB-940F-3A944C58C24E}.Debug|x64.ActiveCfg = Debug|iPhone
		{AAEB1D17-6EB8-4BEB-940F-3A944C58C24E}.Debug|x64.Build.0 = Debug|iPhone
		{AAEB1D17-6EB8-4BEB-940F-3A944C58C24E}.Debug|x64.Deploy.0 = Debug|iPhone
		{AAEB1D17-6EB8-4BEB-940F-3A944C58C24E}.Debug|x86.ActiveCfg = Debug|iPhone
		{AAEB1D17-6EB8-4BEB-940F-3A944C58C24E}.Debug|x86.Build.0 = Debug|iPhone
		{AAEB1D17-6EB8-4BEB-940F-3A944C58C24E}.Debug|x86.Deploy.0 = Debug|iPhone
		{AAEB1D17-6EB8-4BEB-940F-3A944C58C24E}.Release|Any CPU.ActiveCfg = Release|iPhone
		{AAEB1D17-6EB8-4BEB-940F-3A944C58C24E}.Release|Any CPU.Build.0 = Release|iPhone
		{AAEB1D17-6EB8-4BEB-940F-3A944C58C24E}.Release|Any CPU.Deploy.0 = Release|iPhone
		{AAEB1D17-6EB8-4BEB-940F-3A944C58C24E}.Release|ARM.ActiveCfg = Release|iPhone
		{AAEB1D17-6EB8-4BEB-940F-3A944C58C24E}.Release|ARM.Build.0 = Release|iPhone
		{AAEB1D17-6EB8-4BEB-940F-3A944C58C24E}.Release|ARM.Deploy.0 = Release|iPhone
		{AAEB1D17-6EB8-4BEB-940F-3A944C58C24E}.Release|iPhone.ActiveCfg = Release|iPhone
		{AAEB1D17-6EB8-4BEB-940F-3A944C58C24E}.Release|iPhone.Build.0 = Release|iPhone
		{AAEB1D17-6EB8-4BEB-940F-3A944C58C24E}.Release|iPhone.Deploy.0 = Release|iPhone
		{AAEB1D17-6EB8-4BEB-940F-3A944C58C24E}.Release|iPhoneSimulator.ActiveCfg = Release|iPhoneSimulator
		{AAEB1D17-6EB8-4BEB-940F-3A944C58C24E}.Release|iPhoneSimulator.Build.0 = Release|iPhoneSimulator
		{AAEB1D17-6EB8-4BEB-940F-3A944C58C24E}.Release|iPhoneSimulator.Deploy.0 = Release|iPhoneSimulator
		{AAEB1D17-6EB8-4BEB-940F-3A944C58C24E}.Release|x64.ActiveCfg = Release|iPhone
		{AAEB1D17-6EB8-4BEB-940F-3A944C58C24E}.Release|x64.Build.0 = Release|iPhone
		{AAEB1D17-6EB8-4BEB-940F-3A944C58C24E}.Release|x64.Deploy.0 = Release|iPhone
		{AAEB1D17-6EB8-4BEB-940F-3A944C58C24E}.Release|x86.ActiveCfg = Release|iPhone
		{AAEB1D17-6EB8-4BEB-940F-3A944C58C24E}.Release|x86.Build.0 = Release|iPhone
		{AAEB1D17-6EB8-4BEB-940F-3A944C58C24E}.Release|x86.Deploy.0 = Release|iPhone
		{7DC60E94-EDC7-4606-9C67-2D4302D2B9A0}.Ad-Hoc|Any CPU.ActiveCfg = Release|x86
		{7DC60E94-EDC7-4606-9C67-2D4302D2B9A0}.Ad-Hoc|Any CPU.Build.0 = Release|x86
		{7DC60E94-EDC7-4606-9C67-2D4302D2B9A0}.Ad-Hoc|Any CPU.Deploy.0 = Release|x86
		{7DC60E94-EDC7-4606-9C67-2D4302D2B9A0}.Ad-Hoc|ARM.ActiveCfg = Release|ARM
		{7DC60E94-EDC7-4606-9C67-2D4302D2B9A0}.Ad-Hoc|ARM.Build.0 = Release|ARM
		{7DC60E94-EDC7-4606-9C67-2D4302D2B9A0}.Ad-Hoc|ARM.Deploy.0 = Release|ARM
		{7DC60E94-EDC7-4606-9C67-2D4302D2B9A0}.Ad-Hoc|iPhone.ActiveCfg = Release|x86
		{7DC60E94-EDC7-4606-9C67-2D4302D2B9A0}.Ad-Hoc|iPhone.Build.0 = Release|x86
		{7DC60E94-EDC7-4606-9C67-2D4302D2B9A0}.Ad-Hoc|iPhone.Deploy.0 = Release|x86
		{7DC60E94-EDC7-4606-9C67-2D4302D2B9A0}.Ad-Hoc|iPhoneSimulator.ActiveCfg = Release|x86
		{7DC60E94-EDC7-4606-9C67-2D4302D2B9A0}.Ad-Hoc|iPhoneSimulator.Build.0 = Release|x86
		{7DC60E94-EDC7-4606-9C67-2D4302D2B9A0}.Ad-Hoc|iPhoneSimulator.Deploy.0 = Release|x86
		{7DC60E94-EDC7-4606-9C67-2D4302D2B9A0}.Ad-Hoc|x64.ActiveCfg = Release|x64
		{7DC60E94-EDC7-4606-9C67-2D4302D2B9A0}.Ad-Hoc|x64.Build.0 = Release|x64
		{7DC60E94-EDC7-4606-9C67-2D4302D2B9A0}.Ad-Hoc|x64.Deploy.0 = Release|x64
		{7DC60E94-EDC7-4606-9C67-2D4302D2B9A0}.Ad-Hoc|x86.ActiveCfg = Release|x86
		{7DC60E94-EDC7-4606-9C67-2D4302D2B9A0}.Ad-Hoc|x86.Build.0 = Release|x86
		{7DC60E94-EDC7-4606-9C67-2D4302D2B9A0}.Ad-Hoc|x86.Deploy.0 = Release|x86
		{7DC60E94-EDC7-4606-9C67-2D4302D2B9A0}.AppStore|Any CPU.ActiveCfg = Release|x86
		{7DC60E94-EDC7-4606-9C67-2D4302D2B9A0}.AppStore|Any CPU.Build.0 = Release|x86
		{7DC60E94-EDC7-4606-9C67-2D4302D2B9A0}.AppStore|Any CPU.Deploy.0 = Release|x86
		{7DC60E94-EDC7-4606-9C67-2D4302D2B9A0}.AppStore|ARM.ActiveCfg = Release|ARM
		{7DC60E94-EDC7-4606-9C67-2D4302D2B9A0}.AppStore|ARM.Build.0 = Release|ARM
		{7DC60E94-EDC7-4606-9C67-2D4302D2B9A0}.AppStore|ARM.Deploy.0 = Release|ARM
		{7DC60E94-EDC7-4606-9C67-2D4302D2B9A0}.AppStore|iPhone.ActiveCfg = Release|x86
		{7DC60E94-EDC7-4606-9C67-2D4302D2B9A0}.AppStore|iPhone.Build.0 = Release|x86
		{7DC60E94-EDC7-4606-9C67-2D4302D2B9A0}.AppStore|iPhone.Deploy.0 = Release|x86
		{7DC60E94-EDC7-4606-9C67-2D4302D2B9A0}.AppStore|iPhoneSimulator.ActiveCfg = Release|x86
		{7DC60E94-EDC7-4606-9C67-2D4302D2B9A0}.AppStore|iPhoneSimulator.Build.0 = Release|x86
		{7DC60E94-EDC7-4606-9C67-2D4302D2B9A0}.AppStore|iPhoneSimulator.Deploy.0 = Release|x86
		{7DC60E94-EDC7-4606-9C67-2D4302D2B9A0}.AppStore|x64.ActiveCfg = Release|x64
		{7DC60E94-EDC7-4606-9C67-2D4302D2B9A0}.AppStore|x64.Build.0 = Release|x64
		{7DC60E94-EDC7-4606-9C67-2D4302D2B9A0}.AppStore|x64.Deploy.0 = Release|x64
		{7DC60E94-EDC7-4606-9C67-2D4302D2B9A0}.AppStore|x86.ActiveCfg = Release|x86
		{7DC60E94-EDC7-4606-9C67-2D4302D2B9A0}.AppStore|x86.Build.0 = Release|x86
		{7DC60E94-EDC7-4606-9C67-2D4302D2B9A0}.AppStore|x86.Deploy.0 = Release|x86
		{7DC60E94-EDC7-4606-9C67-2D4302D2B9A0}.Debug|Any CPU.ActiveCfg = Debug|x86
		{7DC60E94-EDC7-4606-9C67-2D4302D2B9A0}.Debug|Any CPU.Build.0 = Debug|x86
		{7DC60E94-EDC7-4606-9C67-2D4302D2B9A0}.Debug|Any CPU.Deploy.0 = Debug|x86
		{7DC60E94-EDC7-4606-9C67-2D4302D2B9A0}.Debug|ARM.ActiveCfg = Debug|ARM
		{7DC60E94-EDC7-4606-9C67-2D4302D2B9A0}.Debug|ARM.Build.0 = Debug|ARM
		{7DC60E94-EDC7-4606-9C67-2D4302D2B9A0}.Debug|ARM.Deploy.0 = Debug|ARM
		{7DC60E94-EDC7-4606-9C67-2D4302D2B9A0}.Debug|iPhone.ActiveCfg = Debug|x86
		{7DC60E94-EDC7-4606-9C67-2D4302D2B9A0}.Debug|iPhone.Build.0 = Debug|x86
		{7DC60E94-EDC7-4606-9C67-2D4302D2B9A0}.Debug|iPhone.Deploy.0 = Debug|x86
		{7DC60E94-EDC7-4606-9C67-2D4302D2B9A0}.Debug|iPhoneSimulator.ActiveCfg = Debug|x86
		{7DC60E94-EDC7-4606-9C67-2D4302D2B9A0}.Debug|iPhoneSimulator.Build.0 = Debug|x86
		{7DC60E94-EDC7-4606-9C67-2D4302D2B9A0}.Debug|iPhoneSimulator.Deploy.0 = Debug|x86
		{7DC60E94-EDC7-4606-9C67-2D4302D2B9A0}.Debug|x64.ActiveCfg = Debug|x64
		{7DC60E94-EDC7-4606-9C67-2D4302D2B9A0}.Debug|x64.Build.0 = Debug|x64
		{7DC60E94-EDC7-4606-9C67-2D4302D2B9A0}.Debug|x64.Deploy.0 = Debug|x64
		{7DC60E94-EDC7-4606-9C67-2D4302D2B9A0}.Debug|x86.ActiveCfg = Debug|x86
		{7DC60E94-EDC7-4606-9C67-2D4302D2B9A0}.Debug|x86.Build.0 = Debug|x86
		{7DC60E94-EDC7-4606-9C67-2D4302D2B9A0}.Debug|x86.Deploy.0 = Debug|x86
		{7DC60E94-EDC7-4606-9C67-2D4302D2B9A0}.Release|Any CPU.ActiveCfg = Release|x86
		{7DC60E94-EDC7-4606-9C67-2D4302D2B9A0}.Release|Any CPU.Build.0 = Release|x86
		{7DC60E94-EDC7-4606-9C67-2D4302D2B9A0}.Release|Any CPU.Deploy.0 = Release|x86
		{7DC60E94-EDC7-4606-9C67-2D4302D2B9A0}.Release|ARM.ActiveCfg = Release|ARM
		{7DC60E94-EDC7-4606-9C67-2D4302D2B9A0}.Release|ARM.Build.0 = Release|ARM
		{7DC60E94-EDC7-4606-9C67-2D4302D2B9A0}.Release|ARM.Deploy.0 = Release|ARM
		{7DC60E94-EDC7-4606-9C67-2D4302D2B9A0}.Release|iPhone.ActiveCfg = Release|x86
		{7DC60E94-EDC7-4606-9C67-2D4302D2B9A0}.Release|iPhone.Build.0 = Release|x86
		{7DC60E94-EDC7-4606-9C67-2D4302D2B9A0}.Release|iPhone.Deploy.0 = Release|x86
		{7DC60E94-EDC7-4606-9C67-2D4302D2B9A0}.Release|iPhoneSimulator.ActiveCfg = Release|x86
		{7DC60E94-EDC7-4606-9C67-2D4302D2B9A0}.Release|iPhoneSimulator.Build.0 = Release|x86
		{7DC60E94-EDC7-4606-9C67-2D4302D2B9A0}.Release|iPhoneSimulator.Deploy.0 = Release|x86
		{7DC60E94-EDC7-4606-9C67-2D4302D2B9A0}.Release|x64.ActiveCfg = Release|x64
		{7DC60E94-EDC7-4606-9C67-2D4302D2B9A0}.Release|x64.Build.0 = Release|x64
		{7DC60E94-EDC7-4606-9C67-2D4302D2B9A0}.Release|x64.Deploy.0 = Release|x64
		{7DC60E94-EDC7-4606-9C67-2D4302D2B9A0}.Release|x86.ActiveCfg = Release|x86
		{7DC60E94-EDC7-4606-9C67-2D4302D2B9A0}.Release|x86.Build.0 = Release|x86
		{7DC60E94-EDC7-4606-9C67-2D4302D2B9A0}.Release|x86.Deploy.0 = Release|x86
		{F0421A20-1979-4789-830B-19AAEECEBC13}.Ad-Hoc|Any CPU.ActiveCfg = Debug|Any CPU
		{F0421A20-1979-4789-830B-19AAEECEBC13}.Ad-Hoc|Any CPU.Build.0 = Debug|Any CPU
		{F0421A20-1979-4789-830B-19AAEECEBC13}.Ad-Hoc|Any CPU.Deploy.0 = Debug|Any CPU
		{F0421A20-1979-4789-830B-19AAEECEBC13}.Ad-Hoc|ARM.ActiveCfg = Debug|Any CPU
		{F0421A20-1979-4789-830B-19AAEECEBC13}.Ad-Hoc|ARM.Build.0 = Debug|Any CPU
		{F0421A20-1979-4789-830B-19AAEECEBC13}.Ad-Hoc|ARM.Deploy.0 = Debug|Any CPU
		{F0421A20-1979-4789-830B-19AAEECEBC13}.Ad-Hoc|iPhone.ActiveCfg = Debug|Any CPU
		{F0421A20-1979-4789-830B-19AAEECEBC13}.Ad-Hoc|iPhone.Build.0 = Debug|Any CPU
		{F0421A20-1979-4789-830B-19AAEECEBC13}.Ad-Hoc|iPhone.Deploy.0 = Debug|Any CPU
		{F0421A20-1979-4789-830B-19AAEECEBC13}.Ad-Hoc|iPhoneSimulator.ActiveCfg = Debug|Any CPU
		{F0421A20-1979-4789-830B-19AAEECEBC13}.Ad-Hoc|iPhoneSimulator.Build.0 = Debug|Any CPU
		{F0421A20-1979-4789-830B-19AAEECEBC13}.Ad-Hoc|iPhoneSimulator.Deploy.0 = Debug|Any CPU
		{F0421A20-1979-4789-830B-19AAEECEBC13}.Ad-Hoc|x64.ActiveCfg = Debug|Any CPU
		{F0421A20-1979-4789-830B-19AAEECEBC13}.Ad-Hoc|x64.Build.0 = Debug|Any CPU
		{F0421A20-1979-4789-830B-19AAEECEBC13}.Ad-Hoc|x64.Deploy.0 = Debug|Any CPU
		{F0421A20-1979-4789-830B-19AAEECEBC13}.Ad-Hoc|x86.ActiveCfg = Debug|Any CPU
		{F0421A20-1979-4789-830B-19AAEECEBC13}.Ad-Hoc|x86.Build.0 = Debug|Any CPU
		{F0421A20-1979-4789-830B-19AAEECEBC13}.Ad-Hoc|x86.Deploy.0 = Debug|Any CPU
		{F0421A20-1979-4789-830B-19AAEECEBC13}.AppStore|Any CPU.ActiveCfg = Debug|Any CPU
		{F0421A20-1979-4789-830B-19AAEECEBC13}.AppStore|Any CPU.Build.0 = Debug|Any CPU
		{F0421A20-1979-4789-830B-19AAEECEBC13}.AppStore|Any CPU.Deploy.0 = Debug|Any CPU
		{F0421A20-1979-4789-830B-19AAEECEBC13}.AppStore|ARM.ActiveCfg = Debug|Any CPU
		{F0421A20-1979-4789-830B-19AAEECEBC13}.AppStore|ARM.Build.0 = Debug|Any CPU
		{F0421A20-1979-4789-830B-19AAEECEBC13}.AppStore|ARM.Deploy.0 = Debug|Any CPU
		{F0421A20-1979-4789-830B-19AAEECEBC13}.AppStore|iPhone.ActiveCfg = Debug|Any CPU
		{F0421A20-1979-4789-830B-19AAEECEBC13}.AppStore|iPhone.Build.0 = Debug|Any CPU
		{F0421A20-1979-4789-830B-19AAEECEBC13}.AppStore|iPhone.Deploy.0 = Debug|Any CPU
		{F0421A20-1979-4789-830B-19AAEECEBC13}.AppStore|iPhoneSimulator.ActiveCfg = Debug|Any CPU
		{F0421A20-1979-4789-830B-19AAEECEBC13}.AppStore|iPhoneSimulator.Build.0 = Debug|Any CPU
		{F0421A20-1979-4789-830B-19AAEECEBC13}.AppStore|iPhoneSimulator.Deploy.0 = Debug|Any CPU
		{F0421A20-1979-4789-830B-19AAEECEBC13}.AppStore|x64.ActiveCfg = Debug|Any CPU
		{F0421A20-1979-4789-830B-19AAEECEBC13}.AppStore|x64.Build.0 = Debug|Any CPU
		{F0421A20-1979-4789-830B-19AAEECEBC13}.AppStore|x64.Deploy.0 = Debug|Any CPU
		{F0421A20-1979-4789-830B-19AAEECEBC13}.AppStore|x86.ActiveCfg = Debug|Any CPU
		{F0421A20-1979-4789-830B-19AAEECEBC13}.AppStore|x86.Build.0 = Debug|Any CPU
		{F0421A20-1979-4789-830B-19AAEECEBC13}.AppStore|x86.Deploy.0 = Debug|Any CPU
		{F0421A20-1979-4789-830B-19AAEECEBC13}.Debug|Any CPU.ActiveCfg = Debug|Any CPU
		{F0421A20-1979-4789-830B-19AAEECEBC13}.Debug|Any CPU.Build.0 = Debug|Any CPU
		{F0421A20-1979-4789-830B-19AAEECEBC13}.Debug|Any CPU.Deploy.0 = Debug|Any CPU
		{F0421A20-1979-4789-830B-19AAEECEBC13}.Debug|ARM.ActiveCfg = Debug|Any CPU
		{F0421A20-1979-4789-830B-19AAEECEBC13}.Debug|ARM.Build.0 = Debug|Any CPU
		{F0421A20-1979-4789-830B-19AAEECEBC13}.Debug|ARM.Deploy.0 = Debug|Any CPU
		{F0421A20-1979-4789-830B-19AAEECEBC13}.Debug|iPhone.ActiveCfg = Debug|Any CPU
		{F0421A20-1979-4789-830B-19AAEECEBC13}.Debug|iPhone.Build.0 = Debug|Any CPU
		{F0421A20-1979-4789-830B-19AAEECEBC13}.Debug|iPhone.Deploy.0 = Debug|Any CPU
		{F0421A20-1979-4789-830B-19AAEECEBC13}.Debug|iPhoneSimulator.ActiveCfg = Debug|Any CPU
		{F0421A20-1979-4789-830B-19AAEECEBC13}.Debug|iPhoneSimulator.Build.0 = Debug|Any CPU
		{F0421A20-1979-4789-830B-19AAEECEBC13}.Debug|iPhoneSimulator.Deploy.0 = Debug|Any CPU
		{F0421A20-1979-4789-830B-19AAEECEBC13}.Debug|x64.ActiveCfg = Debug|Any CPU
		{F0421A20-1979-4789-830B-19AAEECEBC13}.Debug|x64.Build.0 = Debug|Any CPU
		{F0421A20-1979-4789-830B-19AAEECEBC13}.Debug|x64.Deploy.0 = Debug|Any CPU
		{F0421A20-1979-4789-830B-19AAEECEBC13}.Debug|x86.ActiveCfg = Debug|Any CPU
		{F0421A20-1979-4789-830B-19AAEECEBC13}.Debug|x86.Build.0 = Debug|Any CPU
		{F0421A20-1979-4789-830B-19AAEECEBC13}.Debug|x86.Deploy.0 = Debug|Any CPU
		{F0421A20-1979-4789-830B-19AAEECEBC13}.Release|Any CPU.ActiveCfg = Release|Any CPU
		{F0421A20-1979-4789-830B-19AAEECEBC13}.Release|Any CPU.Build.0 = Release|Any CPU
		{F0421A20-1979-4789-830B-19AAEECEBC13}.Release|Any CPU.Deploy.0 = Release|Any CPU
		{F0421A20-1979-4789-830B-19AAEECEBC13}.Release|ARM.ActiveCfg = Release|Any CPU
		{F0421A20-1979-4789-830B-19AAEECEBC13}.Release|ARM.Build.0 = Release|Any CPU
		{F0421A20-1979-4789-830B-19AAEECEBC13}.Release|ARM.Deploy.0 = Release|Any CPU
		{F0421A20-1979-4789-830B-19AAEECEBC13}.Release|iPhone.ActiveCfg = Release|Any CPU
		{F0421A20-1979-4789-830B-19AAEECEBC13}.Release|iPhone.Build.0 = Release|Any CPU
		{F0421A20-1979-4789-830B-19AAEECEBC13}.Release|iPhone.Deploy.0 = Release|Any CPU
		{F0421A20-1979-4789-830B-19AAEECEBC13}.Release|iPhoneSimulator.ActiveCfg = Release|Any CPU
		{F0421A20-1979-4789-830B-19AAEECEBC13}.Release|iPhoneSimulator.Build.0 = Release|Any CPU
		{F0421A20-1979-4789-830B-19AAEECEBC13}.Release|iPhoneSimulator.Deploy.0 = Release|Any CPU
		{F0421A20-1979-4789-830B-19AAEECEBC13}.Release|x64.ActiveCfg = Release|Any CPU
		{F0421A20-1979-4789-830B-19AAEECEBC13}.Release|x64.Build.0 = Release|Any CPU
		{F0421A20-1979-4789-830B-19AAEECEBC13}.Release|x64.Deploy.0 = Release|Any CPU
		{F0421A20-1979-4789-830B-19AAEECEBC13}.Release|x86.ActiveCfg = Release|Any CPU
		{F0421A20-1979-4789-830B-19AAEECEBC13}.Release|x86.Build.0 = Release|Any CPU
		{F0421A20-1979-4789-830B-19AAEECEBC13}.Release|x86.Deploy.0 = Release|Any CPU
	EndGlobalSection
	GlobalSection(SolutionProperties) = preSolution
		HideSolutionNode = FALSE
	EndGlobalSection
	GlobalSection(ExtensibilityGlobals) = postSolution
		SolutionGuid = {120308AE-CFD2-4DAC-B776-93505E69C4CC}
	EndGlobalSection
EndGlobal
